
Microsoft Visual Studio Solution File, Format Version 12.00
# Visual Studio 15
VisualStudioVersion = 15.0.28307.902
MinimumVisualStudioVersion = 10.0.40219.1
Project("{00D1A9C2-B5F0-4AF3-8072-F6C62B433612}") = "AdventureWorks", "AdventureWorks\AdventureWorks.sqlproj", "{315971FE-EB83-44D1-B6DD-35FF88DF8CCD}"
EndProject
Global
	GlobalSection(SolutionConfigurationPlatforms) = preSolution
		Debug|Any CPU = Debug|Any CPU
		Release|Any CPU = Release|Any CPU
	EndGlobalSection
	GlobalSection(ProjectConfigurationPlatforms) = postSolution
		{315971FE-EB83-44D1-B6DD-35FF88DF8CCD}.Debug|Any CPU.ActiveCfg = Debug|Any CPU
		{315971FE-EB83-44D1-B6DD-35FF88DF8CCD}.Debug|Any CPU.Build.0 = Debug|Any CPU
		{315971FE-EB83-44D1-B6DD-35FF88DF8CCD}.Debug|Any CPU.Deploy.0 = Debug|Any CPU
		{315971FE-EB83-44D1-B6DD-35FF88DF8CCD}.Release|Any CPU.ActiveCfg = Release|Any CPU
		{315971FE-EB83-44D1-B6DD-35FF88DF8CCD}.Release|Any CPU.Build.0 = Release|Any CPU
		{315971FE-EB83-44D1-B6DD-35FF88DF8CCD}.Release|Any CPU.Deploy.0 = Release|Any CPU
	EndGlobalSection
	GlobalSection(SolutionProperties) = preSolution
		HideSolutionNode = FALSE
	EndGlobalSection
	GlobalSection(ExtensibilityGlobals) = postSolution
		SolutionGuid = {87E99D34-DE89-4859-8268-8E4225DF96D5}
	EndGlobalSection
EndGlobal
